
Microsoft Visual Studio Solution File, Format Version 12.00
# Visual Studio Version 16
VisualStudioVersion = 16.0.31729.503
MinimumVisualStudioVersion = 10.0.40219.1
Project("{FAE04EC0-301F-11D3-BF4B-00C04F79EFBC}") = "YayınMvcDbF", "YayınMvcDbF\YayınMvcDbF.csproj", "{06226314-8365-4FEF-B419-5A4E64736C15}"
EndProject
Global
	GlobalSection(SolutionConfigurationPlatforms) = preSolution
		Debug|Any CPU = Debug|Any CPU
		Release|Any CPU = Release|Any CPU
	EndGlobalSection
	GlobalSection(ProjectConfigurationPlatforms) = postSolution
		{06226314-8365-4FEF-B419-5A4E64736C15}.Debug|Any CPU.ActiveCfg = Debug|Any CPU
		{06226314-8365-4FEF-B419-5A4E64736C15}.Debug|Any CPU.Build.0 = Debug|Any CPU
		{06226314-8365-4FEF-B419-5A4E64736C15}.Release|Any CPU.ActiveCfg = Release|Any CPU
		{06226314-8365-4FEF-B419-5A4E64736C15}.Release|Any CPU.Build.0 = Release|Any CPU
	EndGlobalSection
	GlobalSection(SolutionProperties) = preSolution
		HideSolutionNode = FALSE
	EndGlobalSection
	GlobalSection(ExtensibilityGlobals) = postSolution
		SolutionGuid = {130F6E2D-93CB-43F4-A369-A16E2D35F6BE}
	EndGlobalSection
EndGlobal
